// !$*UTF8*$!
{
	archiveVersion = 1;
	classes = {
	};
	objectVersion = 56;
	objects = {

/* Begin PBXBuildFile section */
		ED8BA0C72C27295000FE229A /* Persistence.swift in Sources */ = {isa = PBXBuildFile; fileRef = ED8BA0C62C27295000FE229A /* Persistence.swift */; };
		ED8BA0E32C27296C00FE229A /* ItemInstallments+Persistence.swift in Sources */ = {isa = PBXBuildFile; fileRef = ED8BA0DA2C27296C00FE229A /* ItemInstallments+Persistence.swift */; };
		ED8BA0E42C27296C00FE229A /* ShippingDetails+Persistence.swift in Sources */ = {isa = PBXBuildFile; fileRef = ED8BA0DC2C27296C00FE229A /* ShippingDetails+Persistence.swift */; };
		ED8BA0E52C27296C00FE229A /* ItemAttributes+Persistence.swift in Sources */ = {isa = PBXBuildFile; fileRef = ED8BA0DE2C27296C00FE229A /* ItemAttributes+Persistence.swift */; };
		ED8BA0E62C27296C00FE229A /* MeliItemDTO.swift in Sources */ = {isa = PBXBuildFile; fileRef = ED8BA0E02C27296C00FE229A /* MeliItemDTO.swift */; };
		ED8BA0ED2C272A6600FE229A /* RequestItemsAndSave.swift in Sources */ = {isa = PBXBuildFile; fileRef = ED8BA0EA2C272A6600FE229A /* RequestItemsAndSave.swift */; };
		ED8BA0EE2C272A6600FE229A /* WhenSavesAnItem.swift in Sources */ = {isa = PBXBuildFile; fileRef = ED8BA0EC2C272A6600FE229A /* WhenSavesAnItem.swift */; };
		ED8BA0F02C272AB000FE229A /* MeliSearchDataService.swift in Sources */ = {isa = PBXBuildFile; fileRef = ED8BA0EF2C272AB000FE229A /* MeliSearchDataService.swift */; };
		ED8BA0F42C272ACA00FE229A /* MeliItemMock.json in Resources */ = {isa = PBXBuildFile; fileRef = ED8BA0F22C272ACA00FE229A /* MeliItemMock.json */; };
		ED8BA0F52C272ACA00FE229A /* MeliItem+Mock.swift in Sources */ = {isa = PBXBuildFile; fileRef = ED8BA0F32C272ACA00FE229A /* MeliItem+Mock.swift */; };
		EDD4E8022C27BA010016B54C /* SearchResultsView.swift in Sources */ = {isa = PBXBuildFile; fileRef = EDD4E8012C27BA010016B54C /* SearchResultsView.swift */; };
		EDD4E8042C27C2420016B54C /* MeliSearchViewModel.swift in Sources */ = {isa = PBXBuildFile; fileRef = EDD4E8032C27C2420016B54C /* MeliSearchViewModel.swift */; };
		EDD4E80A2C27E7400016B54C /* SearchBar.swift in Sources */ = {isa = PBXBuildFile; fileRef = EDD4E8092C27E7400016B54C /* SearchBar.swift */; };
		EDD4E80E2C2863AB0016B54C /* MeliSearchMock.swift in Sources */ = {isa = PBXBuildFile; fileRef = EDD4E80D2C2863AB0016B54C /* MeliSearchMock.swift */; };
		EDD4E8172C287CCC0016B54C /* MeliItemDescription.swift in Sources */ = {isa = PBXBuildFile; fileRef = EDD4E8162C287CCC0016B54C /* MeliItemDescription.swift */; };
		EDD4E8192C287DE10016B54C /* MeliIemDescriptionMapper.swift in Sources */ = {isa = PBXBuildFile; fileRef = EDD4E8182C287DE10016B54C /* MeliIemDescriptionMapper.swift */; };
		EDD4E81B2C287F360016B54C /* WhenRequestItemDescription.swift in Sources */ = {isa = PBXBuildFile; fileRef = EDD4E81A2C287F360016B54C /* WhenRequestItemDescription.swift */; };
		EDD9EE832C27320E00A6ED53 /* MeliSearch.swift in Sources */ = {isa = PBXBuildFile; fileRef = EDD9EE822C27320E00A6ED53 /* MeliSearch.swift */; };
		EDE13A5E2C214B0300974183 /* MELI_SearchApp.swift in Sources */ = {isa = PBXBuildFile; fileRef = EDE13A5D2C214B0300974183 /* MELI_SearchApp.swift */; };
		EDE13A632C214B0300974183 /* MELI_Search.xcdatamodeld in Sources */ = {isa = PBXBuildFile; fileRef = EDE13A612C214B0300974183 /* MELI_Search.xcdatamodeld */; };
		EDE13A652C214B0300974183 /* HomeView.swift in Sources */ = {isa = PBXBuildFile; fileRef = EDE13A642C214B0300974183 /* HomeView.swift */; };
		EDE13A672C214B0400974183 /* Assets.xcassets in Resources */ = {isa = PBXBuildFile; fileRef = EDE13A662C214B0400974183 /* Assets.xcassets */; };
		EDE13A6B2C214B0400974183 /* Preview Assets.xcassets in Resources */ = {isa = PBXBuildFile; fileRef = EDE13A6A2C214B0400974183 /* Preview Assets.xcassets */; };
		EDE13A7F2C214B0400974183 /* MELI_SearchUITests.swift in Sources */ = {isa = PBXBuildFile; fileRef = EDE13A7E2C214B0400974183 /* MELI_SearchUITests.swift */; };
		EDE13A812C214B0400974183 /* MELI_SearchUITestsLaunchTests.swift in Sources */ = {isa = PBXBuildFile; fileRef = EDE13A802C214B0400974183 /* MELI_SearchUITestsLaunchTests.swift */; };
		EDE13A902C22415900974183 /* MeliBRApiHelper.swift in Sources */ = {isa = PBXBuildFile; fileRef = EDE13A8E2C22415900974183 /* MeliBRApiHelper.swift */; };
		EDE13A962C2241BE00974183 /* HttpClient.swift in Sources */ = {isa = PBXBuildFile; fileRef = EDE13A952C2241BE00974183 /* HttpClient.swift */; };
		EDE13A9A2C2241EB00974183 /* WhenRequestedItemsFromSearch.swift in Sources */ = {isa = PBXBuildFile; fileRef = EDE13A982C2241EB00974183 /* WhenRequestedItemsFromSearch.swift */; };
		EDE13A9B2C2241EB00974183 /* WhenRequestedItemsFromCategory.swift in Sources */ = {isa = PBXBuildFile; fileRef = EDE13A992C2241EB00974183 /* WhenRequestedItemsFromCategory.swift */; };
		EDE13A9D2C224A8B00974183 /* MeliItemsService.swift in Sources */ = {isa = PBXBuildFile; fileRef = EDE13A9C2C224A8B00974183 /* MeliItemsService.swift */; };
		EDE13A9F2C224C2700974183 /* MeliItem.swift in Sources */ = {isa = PBXBuildFile; fileRef = EDE13A9E2C224C2700974183 /* MeliItem.swift */; };
		EDE13AA22C2258CD00974183 /* MeliItemsListMapper.swift in Sources */ = {isa = PBXBuildFile; fileRef = EDE13AA12C2258CD00974183 /* MeliItemsListMapper.swift */; };
/* End PBXBuildFile section */

/* Begin PBXContainerItemProxy section */
		EDE13A712C214B0400974183 /* PBXContainerItemProxy */ = {
			isa = PBXContainerItemProxy;
			containerPortal = EDE13A522C214B0300974183 /* Project object */;
			proxyType = 1;
			remoteGlobalIDString = EDE13A592C214B0300974183;
			remoteInfo = "MELI Search";
		};
		EDE13A7B2C214B0400974183 /* PBXContainerItemProxy */ = {
			isa = PBXContainerItemProxy;
			containerPortal = EDE13A522C214B0300974183 /* Project object */;
			proxyType = 1;
			remoteGlobalIDString = EDE13A592C214B0300974183;
			remoteInfo = "MELI Search";
		};
/* End PBXContainerItemProxy section */

/* Begin PBXFileReference section */
		ED8BA0C62C27295000FE229A /* Persistence.swift */ = {isa = PBXFileReference; fileEncoding = 4; lastKnownFileType = sourcecode.swift; path = Persistence.swift; sourceTree = "<group>"; };
		ED8BA0DA2C27296C00FE229A /* ItemInstallments+Persistence.swift */ = {isa = PBXFileReference; fileEncoding = 4; lastKnownFileType = sourcecode.swift; path = "ItemInstallments+Persistence.swift"; sourceTree = "<group>"; };
		ED8BA0DC2C27296C00FE229A /* ShippingDetails+Persistence.swift */ = {isa = PBXFileReference; fileEncoding = 4; lastKnownFileType = sourcecode.swift; path = "ShippingDetails+Persistence.swift"; sourceTree = "<group>"; };
		ED8BA0DE2C27296C00FE229A /* ItemAttributes+Persistence.swift */ = {isa = PBXFileReference; fileEncoding = 4; lastKnownFileType = sourcecode.swift; path = "ItemAttributes+Persistence.swift"; sourceTree = "<group>"; };
		ED8BA0E02C27296C00FE229A /* MeliItemDTO.swift */ = {isa = PBXFileReference; fileEncoding = 4; lastKnownFileType = sourcecode.swift; path = MeliItemDTO.swift; sourceTree = "<group>"; };
		ED8BA0EA2C272A6600FE229A /* RequestItemsAndSave.swift */ = {isa = PBXFileReference; fileEncoding = 4; lastKnownFileType = sourcecode.swift; path = RequestItemsAndSave.swift; sourceTree = "<group>"; };
		ED8BA0EC2C272A6600FE229A /* WhenSavesAnItem.swift */ = {isa = PBXFileReference; fileEncoding = 4; lastKnownFileType = sourcecode.swift; path = WhenSavesAnItem.swift; sourceTree = "<group>"; };
		ED8BA0EF2C272AB000FE229A /* MeliSearchDataService.swift */ = {isa = PBXFileReference; fileEncoding = 4; lastKnownFileType = sourcecode.swift; path = MeliSearchDataService.swift; sourceTree = "<group>"; };
		ED8BA0F22C272ACA00FE229A /* MeliItemMock.json */ = {isa = PBXFileReference; fileEncoding = 4; lastKnownFileType = text.json; path = MeliItemMock.json; sourceTree = "<group>"; };
		ED8BA0F32C272ACA00FE229A /* MeliItem+Mock.swift */ = {isa = PBXFileReference; fileEncoding = 4; lastKnownFileType = sourcecode.swift; path = "MeliItem+Mock.swift"; sourceTree = "<group>"; };
		EDD4E8012C27BA010016B54C /* SearchResultsView.swift */ = {isa = PBXFileReference; lastKnownFileType = sourcecode.swift; path = SearchResultsView.swift; sourceTree = "<group>"; };
		EDD4E8032C27C2420016B54C /* MeliSearchViewModel.swift */ = {isa = PBXFileReference; lastKnownFileType = sourcecode.swift; path = MeliSearchViewModel.swift; sourceTree = "<group>"; };
		EDD4E8092C27E7400016B54C /* SearchBar.swift */ = {isa = PBXFileReference; fileEncoding = 4; lastKnownFileType = sourcecode.swift; path = SearchBar.swift; sourceTree = "<group>"; };
		EDD4E80D2C2863AB0016B54C /* MeliSearchMock.swift */ = {isa = PBXFileReference; lastKnownFileType = sourcecode.swift; path = MeliSearchMock.swift; sourceTree = "<group>"; };
		EDD4E8162C287CCC0016B54C /* MeliItemDescription.swift */ = {isa = PBXFileReference; lastKnownFileType = sourcecode.swift; path = MeliItemDescription.swift; sourceTree = "<group>"; };
		EDD4E8182C287DE10016B54C /* MeliIemDescriptionMapper.swift */ = {isa = PBXFileReference; lastKnownFileType = sourcecode.swift; path = MeliIemDescriptionMapper.swift; sourceTree = "<group>"; };
		EDD4E81A2C287F360016B54C /* WhenRequestItemDescription.swift */ = {isa = PBXFileReference; lastKnownFileType = sourcecode.swift; path = WhenRequestItemDescription.swift; sourceTree = "<group>"; };
		EDD9EE822C27320E00A6ED53 /* MeliSearch.swift */ = {isa = PBXFileReference; fileEncoding = 4; lastKnownFileType = sourcecode.swift; path = MeliSearch.swift; sourceTree = "<group>"; };
		EDE13A5A2C214B0300974183 /* MELI Search.app */ = {isa = PBXFileReference; explicitFileType = wrapper.application; includeInIndex = 0; path = "MELI Search.app"; sourceTree = BUILT_PRODUCTS_DIR; };
		EDE13A5D2C214B0300974183 /* MELI_SearchApp.swift */ = {isa = PBXFileReference; lastKnownFileType = sourcecode.swift; path = MELI_SearchApp.swift; sourceTree = "<group>"; };
		EDE13A622C214B0300974183 /* MELI_Search.xcdatamodel */ = {isa = PBXFileReference; lastKnownFileType = wrapper.xcdatamodel; path = MELI_Search.xcdatamodel; sourceTree = "<group>"; };
		EDE13A642C214B0300974183 /* HomeView.swift */ = {isa = PBXFileReference; lastKnownFileType = sourcecode.swift; path = HomeView.swift; sourceTree = "<group>"; };
		EDE13A662C214B0400974183 /* Assets.xcassets */ = {isa = PBXFileReference; lastKnownFileType = folder.assetcatalog; path = Assets.xcassets; sourceTree = "<group>"; };
		EDE13A682C214B0400974183 /* MELI_Search.entitlements */ = {isa = PBXFileReference; lastKnownFileType = text.plist.entitlements; path = MELI_Search.entitlements; sourceTree = "<group>"; };
		EDE13A6A2C214B0400974183 /* Preview Assets.xcassets */ = {isa = PBXFileReference; lastKnownFileType = folder.assetcatalog; path = "Preview Assets.xcassets"; sourceTree = "<group>"; };
		EDE13A702C214B0400974183 /* MELI SearchTests.xctest */ = {isa = PBXFileReference; explicitFileType = wrapper.cfbundle; includeInIndex = 0; path = "MELI SearchTests.xctest"; sourceTree = BUILT_PRODUCTS_DIR; };
		EDE13A7A2C214B0400974183 /* MELI SearchUITests.xctest */ = {isa = PBXFileReference; explicitFileType = wrapper.cfbundle; includeInIndex = 0; path = "MELI SearchUITests.xctest"; sourceTree = BUILT_PRODUCTS_DIR; };
		EDE13A7E2C214B0400974183 /* MELI_SearchUITests.swift */ = {isa = PBXFileReference; lastKnownFileType = sourcecode.swift; path = MELI_SearchUITests.swift; sourceTree = "<group>"; };
		EDE13A802C214B0400974183 /* MELI_SearchUITestsLaunchTests.swift */ = {isa = PBXFileReference; lastKnownFileType = sourcecode.swift; path = MELI_SearchUITestsLaunchTests.swift; sourceTree = "<group>"; };
		EDE13A8E2C22415900974183 /* MeliBRApiHelper.swift */ = {isa = PBXFileReference; fileEncoding = 4; lastKnownFileType = sourcecode.swift; path = MeliBRApiHelper.swift; sourceTree = "<group>"; };
		EDE13A952C2241BE00974183 /* HttpClient.swift */ = {isa = PBXFileReference; fileEncoding = 4; lastKnownFileType = sourcecode.swift; path = HttpClient.swift; sourceTree = "<group>"; };
		EDE13A982C2241EB00974183 /* WhenRequestedItemsFromSearch.swift */ = {isa = PBXFileReference; fileEncoding = 4; lastKnownFileType = sourcecode.swift; path = WhenRequestedItemsFromSearch.swift; sourceTree = "<group>"; };
		EDE13A992C2241EB00974183 /* WhenRequestedItemsFromCategory.swift */ = {isa = PBXFileReference; fileEncoding = 4; lastKnownFileType = sourcecode.swift; path = WhenRequestedItemsFromCategory.swift; sourceTree = "<group>"; };
		EDE13A9C2C224A8B00974183 /* MeliItemsService.swift */ = {isa = PBXFileReference; fileEncoding = 4; lastKnownFileType = sourcecode.swift; path = MeliItemsService.swift; sourceTree = "<group>"; };
		EDE13A9E2C224C2700974183 /* MeliItem.swift */ = {isa = PBXFileReference; lastKnownFileType = sourcecode.swift; path = MeliItem.swift; sourceTree = "<group>"; };
		EDE13AA12C2258CD00974183 /* MeliItemsListMapper.swift */ = {isa = PBXFileReference; lastKnownFileType = sourcecode.swift; path = MeliItemsListMapper.swift; sourceTree = "<group>"; };
/* End PBXFileReference section */

/* Begin PBXFrameworksBuildPhase section */
		EDE13A572C214B0300974183 /* Frameworks */ = {
			isa = PBXFrameworksBuildPhase;
			buildActionMask = 2147483647;
			files = (
			);
			runOnlyForDeploymentPostprocessing = 0;
		};
		EDE13A6D2C214B0400974183 /* Frameworks */ = {
			isa = PBXFrameworksBuildPhase;
			buildActionMask = 2147483647;
			files = (
			);
			runOnlyForDeploymentPostprocessing = 0;
		};
		EDE13A772C214B0400974183 /* Frameworks */ = {
			isa = PBXFrameworksBuildPhase;
			buildActionMask = 2147483647;
			files = (
			);
			runOnlyForDeploymentPostprocessing = 0;
		};
/* End PBXFrameworksBuildPhase section */

/* Begin PBXGroup section */
		ED8BA0D82C27296C00FE229A /* Persistence */ = {
			isa = PBXGroup;
			children = (
				ED8BA0C62C27295000FE229A /* Persistence.swift */,
				ED8BA0D92C27296C00FE229A /* ItemInstallments */,
				ED8BA0DB2C27296C00FE229A /* ShippingDetails */,
				ED8BA0DD2C27296C00FE229A /* ItemAttributes */,
				ED8BA0DF2C27296C00FE229A /* MeliItem */,
			);
			path = Persistence;
			sourceTree = "<group>";
		};
		ED8BA0D92C27296C00FE229A /* ItemInstallments */ = {
			isa = PBXGroup;
			children = (
				ED8BA0DA2C27296C00FE229A /* ItemInstallments+Persistence.swift */,
			);
			path = ItemInstallments;
			sourceTree = "<group>";
		};
		ED8BA0DB2C27296C00FE229A /* ShippingDetails */ = {
			isa = PBXGroup;
			children = (
				ED8BA0DC2C27296C00FE229A /* ShippingDetails+Persistence.swift */,
			);
			path = ShippingDetails;
			sourceTree = "<group>";
		};
		ED8BA0DD2C27296C00FE229A /* ItemAttributes */ = {
			isa = PBXGroup;
			children = (
				ED8BA0DE2C27296C00FE229A /* ItemAttributes+Persistence.swift */,
			);
			path = ItemAttributes;
			sourceTree = "<group>";
		};
		ED8BA0DF2C27296C00FE229A /* MeliItem */ = {
			isa = PBXGroup;
			children = (
				ED8BA0E02C27296C00FE229A /* MeliItemDTO.swift */,
			);
			path = MeliItem;
			sourceTree = "<group>";
		};
		ED8BA0E92C272A6600FE229A /* Integration */ = {
			isa = PBXGroup;
			children = (
				ED8BA0EA2C272A6600FE229A /* RequestItemsAndSave.swift */,
			);
			path = Integration;
			sourceTree = "<group>";
		};
		ED8BA0EB2C272A6600FE229A /* Persistence */ = {
			isa = PBXGroup;
			children = (
				ED8BA0EC2C272A6600FE229A /* WhenSavesAnItem.swift */,
			);
			path = Persistence;
			sourceTree = "<group>";
		};
		ED8BA0F12C272ACA00FE229A /* Mocks */ = {
			isa = PBXGroup;
			children = (
				ED8BA0F22C272ACA00FE229A /* MeliItemMock.json */,
				ED8BA0F32C272ACA00FE229A /* MeliItem+Mock.swift */,
				EDD4E80D2C2863AB0016B54C /* MeliSearchMock.swift */,
			);
			name = Mocks;
			path = Models/Mocks;
			sourceTree = "<group>";
		};
		EDD9EE862C27822800A6ED53 /* View */ = {
			isa = PBXGroup;
			children = (
				EDD4E8092C27E7400016B54C /* SearchBar.swift */,
				EDE13A642C214B0300974183 /* HomeView.swift */,
				EDD4E8012C27BA010016B54C /* SearchResultsView.swift */,
				EDD4E8032C27C2420016B54C /* MeliSearchViewModel.swift */,
			);
			path = View;
			sourceTree = "<group>";
		};
		EDE13A512C214B0300974183 = {
			isa = PBXGroup;
			children = (
				EDE13A5C2C214B0300974183 /* MELI Search */,
				EDE13A732C214B0400974183 /* MELI SearchTests */,
				EDE13A7D2C214B0400974183 /* MELI SearchUITests */,
				EDE13A5B2C214B0300974183 /* Products */,
			);
			sourceTree = "<group>";
		};
		EDE13A5B2C214B0300974183 /* Products */ = {
			isa = PBXGroup;
			children = (
				EDE13A5A2C214B0300974183 /* MELI Search.app */,
				EDE13A702C214B0400974183 /* MELI SearchTests.xctest */,
				EDE13A7A2C214B0400974183 /* MELI SearchUITests.xctest */,
			);
			name = Products;
			sourceTree = "<group>";
		};
		EDE13A5C2C214B0300974183 /* MELI Search */ = {
			isa = PBXGroup;
			children = (
				EDE13A5D2C214B0300974183 /* MELI_SearchApp.swift */,
				ED8BA0D82C27296C00FE229A /* Persistence */,
				EDE13A942C2241BE00974183 /* Rest */,
				EDE13A8D2C22415900974183 /* Business */,
				EDD9EE862C27822800A6ED53 /* View */,
				EDE13A662C214B0400974183 /* Assets.xcassets */,
				EDE13A682C214B0400974183 /* MELI_Search.entitlements */,
				EDE13A612C214B0300974183 /* MELI_Search.xcdatamodeld */,
				EDE13A692C214B0400974183 /* Preview Content */,
			);
			path = "MELI Search";
			sourceTree = "<group>";
		};
		EDE13A692C214B0400974183 /* Preview Content */ = {
			isa = PBXGroup;
			children = (
				EDE13A6A2C214B0400974183 /* Preview Assets.xcassets */,
			);
			path = "Preview Content";
			sourceTree = "<group>";
		};
		EDE13A732C214B0400974183 /* MELI SearchTests */ = {
			isa = PBXGroup;
			children = (
				ED8BA0E92C272A6600FE229A /* Integration */,
				ED8BA0EB2C272A6600FE229A /* Persistence */,
				EDE13A972C2241EB00974183 /* Rest */,
			);
			path = "MELI SearchTests";
			sourceTree = "<group>";
		};
		EDE13A7D2C214B0400974183 /* MELI SearchUITests */ = {
			isa = PBXGroup;
			children = (
				EDE13A7E2C214B0400974183 /* MELI_SearchUITests.swift */,
				EDE13A802C214B0400974183 /* MELI_SearchUITestsLaunchTests.swift */,
			);
			path = "MELI SearchUITests";
			sourceTree = "<group>";
		};
		EDE13A8D2C22415900974183 /* Business */ = {
			isa = PBXGroup;
			children = (
				EDD9EE822C27320E00A6ED53 /* MeliSearch.swift */,
				ED8BA0F12C272ACA00FE229A /* Mocks */,
				ED8BA0EF2C272AB000FE229A /* MeliSearchDataService.swift */,
				EDE13AA32C226C7A00974183 /* Models */,
				EDE13AA02C22589C00974183 /* Mappers */,
				EDE13A9C2C224A8B00974183 /* MeliItemsService.swift */,
				EDE13A8E2C22415900974183 /* MeliBRApiHelper.swift */,
			);
			path = Business;
			sourceTree = "<group>";
		};
		EDE13A942C2241BE00974183 /* Rest */ = {
			isa = PBXGroup;
			children = (
				EDE13A952C2241BE00974183 /* HttpClient.swift */,
			);
			path = Rest;
			sourceTree = "<group>";
		};
		EDE13A972C2241EB00974183 /* Rest */ = {
			isa = PBXGroup;
			children = (
				EDE13A982C2241EB00974183 /* WhenRequestedItemsFromSearch.swift */,
				EDE13A992C2241EB00974183 /* WhenRequestedItemsFromCategory.swift */,
				EDD4E81A2C287F360016B54C /* WhenRequestItemDescription.swift */,
			);
			path = Rest;
			sourceTree = "<group>";
		};
		EDE13AA02C22589C00974183 /* Mappers */ = {
			isa = PBXGroup;
			children = (
				EDE13AA12C2258CD00974183 /* MeliItemsListMapper.swift */,
				EDD4E8182C287DE10016B54C /* MeliIemDescriptionMapper.swift */,
			);
			path = Mappers;
			sourceTree = "<group>";
		};
		EDE13AA32C226C7A00974183 /* Models */ = {
			isa = PBXGroup;
			children = (
				EDE13A9E2C224C2700974183 /* MeliItem.swift */,
				EDD4E8162C287CCC0016B54C /* MeliItemDescription.swift */,
			);
			path = Models;
			sourceTree = "<group>";
		};
/* End PBXGroup section */

/* Begin PBXNativeTarget section */
		EDE13A592C214B0300974183 /* MELI Search */ = {
			isa = PBXNativeTarget;
			buildConfigurationList = EDE13A842C214B0400974183 /* Build configuration list for PBXNativeTarget "MELI Search" */;
			buildPhases = (
				EDE13A562C214B0300974183 /* Sources */,
				EDE13A572C214B0300974183 /* Frameworks */,
				EDE13A582C214B0300974183 /* Resources */,
			);
			buildRules = (
			);
			dependencies = (
			);
			name = "MELI Search";
			productName = "MELI Search";
			productReference = EDE13A5A2C214B0300974183 /* MELI Search.app */;
			productType = "com.apple.product-type.application";
		};
		EDE13A6F2C214B0400974183 /* MELI SearchTests */ = {
			isa = PBXNativeTarget;
			buildConfigurationList = EDE13A872C214B0400974183 /* Build configuration list for PBXNativeTarget "MELI SearchTests" */;
			buildPhases = (
				EDE13A6C2C214B0400974183 /* Sources */,
				EDE13A6D2C214B0400974183 /* Frameworks */,
				EDE13A6E2C214B0400974183 /* Resources */,
			);
			buildRules = (
			);
			dependencies = (
				EDE13A722C214B0400974183 /* PBXTargetDependency */,
			);
			name = "MELI SearchTests";
			productName = "MELI SearchTests";
			productReference = EDE13A702C214B0400974183 /* MELI SearchTests.xctest */;
			productType = "com.apple.product-type.bundle.unit-test";
		};
		EDE13A792C214B0400974183 /* MELI SearchUITests */ = {
			isa = PBXNativeTarget;
			buildConfigurationList = EDE13A8A2C214B0400974183 /* Build configuration list for PBXNativeTarget "MELI SearchUITests" */;
			buildPhases = (
				EDE13A762C214B0400974183 /* Sources */,
				EDE13A772C214B0400974183 /* Frameworks */,
				EDE13A782C214B0400974183 /* Resources */,
			);
			buildRules = (
			);
			dependencies = (
				EDE13A7C2C214B0400974183 /* PBXTargetDependency */,
			);
			name = "MELI SearchUITests";
			productName = "MELI SearchUITests";
			productReference = EDE13A7A2C214B0400974183 /* MELI SearchUITests.xctest */;
			productType = "com.apple.product-type.bundle.ui-testing";
		};
/* End PBXNativeTarget section */

/* Begin PBXProject section */
		EDE13A522C214B0300974183 /* Project object */ = {
			isa = PBXProject;
			attributes = {
				BuildIndependentTargetsInParallel = 1;
				LastSwiftUpdateCheck = 1430;
				LastUpgradeCheck = 1430;
				TargetAttributes = {
					EDE13A592C214B0300974183 = {
						CreatedOnToolsVersion = 14.3.1;
					};
					EDE13A6F2C214B0400974183 = {
						CreatedOnToolsVersion = 14.3.1;
						TestTargetID = EDE13A592C214B0300974183;
					};
					EDE13A792C214B0400974183 = {
						CreatedOnToolsVersion = 14.3.1;
						TestTargetID = EDE13A592C214B0300974183;
					};
				};
			};
			buildConfigurationList = EDE13A552C214B0300974183 /* Build configuration list for PBXProject "MELI Search" */;
			compatibilityVersion = "Xcode 14.0";
			developmentRegion = en;
			hasScannedForEncodings = 0;
			knownRegions = (
				en,
				Base,
			);
			mainGroup = EDE13A512C214B0300974183;
			productRefGroup = EDE13A5B2C214B0300974183 /* Products */;
			projectDirPath = "";
			projectRoot = "";
			targets = (
				EDE13A592C214B0300974183 /* MELI Search */,
				EDE13A6F2C214B0400974183 /* MELI SearchTests */,
				EDE13A792C214B0400974183 /* MELI SearchUITests */,
			);
		};
/* End PBXProject section */

/* Begin PBXResourcesBuildPhase section */
		EDE13A582C214B0300974183 /* Resources */ = {
			isa = PBXResourcesBuildPhase;
			buildActionMask = 2147483647;
			files = (
				EDE13A6B2C214B0400974183 /* Preview Assets.xcassets in Resources */,
				ED8BA0F42C272ACA00FE229A /* MeliItemMock.json in Resources */,
				EDE13A672C214B0400974183 /* Assets.xcassets in Resources */,
			);
			runOnlyForDeploymentPostprocessing = 0;
		};
		EDE13A6E2C214B0400974183 /* Resources */ = {
			isa = PBXResourcesBuildPhase;
			buildActionMask = 2147483647;
			files = (
			);
			runOnlyForDeploymentPostprocessing = 0;
		};
		EDE13A782C214B0400974183 /* Resources */ = {
			isa = PBXResourcesBuildPhase;
			buildActionMask = 2147483647;
			files = (
			);
			runOnlyForDeploymentPostprocessing = 0;
		};
/* End PBXResourcesBuildPhase section */

/* Begin PBXSourcesBuildPhase section */
		EDE13A562C214B0300974183 /* Sources */ = {
			isa = PBXSourcesBuildPhase;
			buildActionMask = 2147483647;
			files = (
				EDD4E80E2C2863AB0016B54C /* MeliSearchMock.swift in Sources */,
				ED8BA0C72C27295000FE229A /* Persistence.swift in Sources */,
				EDE13A632C214B0300974183 /* MELI_Search.xcdatamodeld in Sources */,
				EDD4E8022C27BA010016B54C /* SearchResultsView.swift in Sources */,
				EDD4E8042C27C2420016B54C /* MeliSearchViewModel.swift in Sources */,
				EDE13A5E2C214B0300974183 /* MELI_SearchApp.swift in Sources */,
				ED8BA0E62C27296C00FE229A /* MeliItemDTO.swift in Sources */,
				EDD9EE832C27320E00A6ED53 /* MeliSearch.swift in Sources */,
				EDE13A962C2241BE00974183 /* HttpClient.swift in Sources */,
				EDD4E8172C287CCC0016B54C /* MeliItemDescription.swift in Sources */,
				ED8BA0F02C272AB000FE229A /* MeliSearchDataService.swift in Sources */,
				EDE13A902C22415900974183 /* MeliBRApiHelper.swift in Sources */,
				EDD4E80A2C27E7400016B54C /* SearchBar.swift in Sources */,
				EDE13A652C214B0300974183 /* HomeView.swift in Sources */,
				ED8BA0E42C27296C00FE229A /* ShippingDetails+Persistence.swift in Sources */,
				ED8BA0F52C272ACA00FE229A /* MeliItem+Mock.swift in Sources */,
				EDE13A9F2C224C2700974183 /* MeliItem.swift in Sources */,
				EDE13AA22C2258CD00974183 /* MeliItemsListMapper.swift in Sources */,
				ED8BA0E52C27296C00FE229A /* ItemAttributes+Persistence.swift in Sources */,
				EDD4E8192C287DE10016B54C /* MeliIemDescriptionMapper.swift in Sources */,
				EDE13A9D2C224A8B00974183 /* MeliItemsService.swift in Sources */,
				ED8BA0E32C27296C00FE229A /* ItemInstallments+Persistence.swift in Sources */,
			);
			runOnlyForDeploymentPostprocessing = 0;
		};
		EDE13A6C2C214B0400974183 /* Sources */ = {
			isa = PBXSourcesBuildPhase;
			buildActionMask = 2147483647;
			files = (
				EDE13A9A2C2241EB00974183 /* WhenRequestedItemsFromSearch.swift in Sources */,
				EDD4E81B2C287F360016B54C /* WhenRequestItemDescription.swift in Sources */,
				EDE13A9B2C2241EB00974183 /* WhenRequestedItemsFromCategory.swift in Sources */,
				ED8BA0EE2C272A6600FE229A /* WhenSavesAnItem.swift in Sources */,
				ED8BA0ED2C272A6600FE229A /* RequestItemsAndSave.swift in Sources */,
			);
			runOnlyForDeploymentPostprocessing = 0;
		};
		EDE13A762C214B0400974183 /* Sources */ = {
			isa = PBXSourcesBuildPhase;
			buildActionMask = 2147483647;
			files = (
				EDE13A7F2C214B0400974183 /* MELI_SearchUITests.swift in Sources */,
				EDE13A812C214B0400974183 /* MELI_SearchUITestsLaunchTests.swift in Sources */,
			);
			runOnlyForDeploymentPostprocessing = 0;
		};
/* End PBXSourcesBuildPhase section */

/* Begin PBXTargetDependency section */
		EDE13A722C214B0400974183 /* PBXTargetDependency */ = {
			isa = PBXTargetDependency;
			target = EDE13A592C214B0300974183 /* MELI Search */;
			targetProxy = EDE13A712C214B0400974183 /* PBXContainerItemProxy */;
		};
		EDE13A7C2C214B0400974183 /* PBXTargetDependency */ = {
			isa = PBXTargetDependency;
			target = EDE13A592C214B0300974183 /* MELI Search */;
			targetProxy = EDE13A7B2C214B0400974183 /* PBXContainerItemProxy */;
		};
/* End PBXTargetDependency section */

/* Begin XCBuildConfiguration section */
		EDE13A822C214B0400974183 /* Debug */ = {
			isa = XCBuildConfiguration;
			buildSettings = {
				ALWAYS_SEARCH_USER_PATHS = NO;
				CLANG_ANALYZER_NONNULL = YES;
				CLANG_ANALYZER_NUMBER_OBJECT_CONVERSION = YES_AGGRESSIVE;
				CLANG_CXX_LANGUAGE_STANDARD = "gnu++20";
				CLANG_ENABLE_MODULES = YES;
				CLANG_ENABLE_OBJC_ARC = YES;
				CLANG_ENABLE_OBJC_WEAK = YES;
				CLANG_WARN_BLOCK_CAPTURE_AUTORELEASING = YES;
				CLANG_WARN_BOOL_CONVERSION = YES;
				CLANG_WARN_COMMA = YES;
				CLANG_WARN_CONSTANT_CONVERSION = YES;
				CLANG_WARN_DEPRECATED_OBJC_IMPLEMENTATIONS = YES;
				CLANG_WARN_DIRECT_OBJC_ISA_USAGE = YES_ERROR;
				CLANG_WARN_DOCUMENTATION_COMMENTS = YES;
				CLANG_WARN_EMPTY_BODY = YES;
				CLANG_WARN_ENUM_CONVERSION = YES;
				CLANG_WARN_INFINITE_RECURSION = YES;
				CLANG_WARN_INT_CONVERSION = YES;
				CLANG_WARN_NON_LITERAL_NULL_CONVERSION = YES;
				CLANG_WARN_OBJC_IMPLICIT_RETAIN_SELF = YES;
				CLANG_WARN_OBJC_LITERAL_CONVERSION = YES;
				CLANG_WARN_OBJC_ROOT_CLASS = YES_ERROR;
				CLANG_WARN_QUOTED_INCLUDE_IN_FRAMEWORK_HEADER = YES;
				CLANG_WARN_RANGE_LOOP_ANALYSIS = YES;
				CLANG_WARN_STRICT_PROTOTYPES = YES;
				CLANG_WARN_SUSPICIOUS_MOVE = YES;
				CLANG_WARN_UNGUARDED_AVAILABILITY = YES_AGGRESSIVE;
				CLANG_WARN_UNREACHABLE_CODE = YES;
				CLANG_WARN__DUPLICATE_METHOD_MATCH = YES;
				COPY_PHASE_STRIP = NO;
				DEBUG_INFORMATION_FORMAT = dwarf;
				ENABLE_STRICT_OBJC_MSGSEND = YES;
				ENABLE_TESTABILITY = YES;
				GCC_C_LANGUAGE_STANDARD = gnu11;
				GCC_DYNAMIC_NO_PIC = NO;
				GCC_NO_COMMON_BLOCKS = YES;
				GCC_OPTIMIZATION_LEVEL = 0;
				GCC_PREPROCESSOR_DEFINITIONS = (
					"DEBUG=1",
					"$(inherited)",
				);
				GCC_WARN_64_TO_32_BIT_CONVERSION = YES;
				GCC_WARN_ABOUT_RETURN_TYPE = YES_ERROR;
				GCC_WARN_UNDECLARED_SELECTOR = YES;
				GCC_WARN_UNINITIALIZED_AUTOS = YES_AGGRESSIVE;
				GCC_WARN_UNUSED_FUNCTION = YES;
				GCC_WARN_UNUSED_VARIABLE = YES;
				MTL_ENABLE_DEBUG_INFO = INCLUDE_SOURCE;
				MTL_FAST_MATH = YES;
				ONLY_ACTIVE_ARCH = YES;
				SWIFT_ACTIVE_COMPILATION_CONDITIONS = DEBUG;
				SWIFT_OPTIMIZATION_LEVEL = "-Onone";
			};
			name = Debug;
		};
		EDE13A832C214B0400974183 /* Release */ = {
			isa = XCBuildConfiguration;
			buildSettings = {
				ALWAYS_SEARCH_USER_PATHS = NO;
				CLANG_ANALYZER_NONNULL = YES;
				CLANG_ANALYZER_NUMBER_OBJECT_CONVERSION = YES_AGGRESSIVE;
				CLANG_CXX_LANGUAGE_STANDARD = "gnu++20";
				CLANG_ENABLE_MODULES = YES;
				CLANG_ENABLE_OBJC_ARC = YES;
				CLANG_ENABLE_OBJC_WEAK = YES;
				CLANG_WARN_BLOCK_CAPTURE_AUTORELEASING = YES;
				CLANG_WARN_BOOL_CONVERSION = YES;
				CLANG_WARN_COMMA = YES;
				CLANG_WARN_CONSTANT_CONVERSION = YES;
				CLANG_WARN_DEPRECATED_OBJC_IMPLEMENTATIONS = YES;
				CLANG_WARN_DIRECT_OBJC_ISA_USAGE = YES_ERROR;
				CLANG_WARN_DOCUMENTATION_COMMENTS = YES;
				CLANG_WARN_EMPTY_BODY = YES;
				CLANG_WARN_ENUM_CONVERSION = YES;
				CLANG_WARN_INFINITE_RECURSION = YES;
				CLANG_WARN_INT_CONVERSION = YES;
				CLANG_WARN_NON_LITERAL_NULL_CONVERSION = YES;
				CLANG_WARN_OBJC_IMPLICIT_RETAIN_SELF = YES;
				CLANG_WARN_OBJC_LITERAL_CONVERSION = YES;
				CLANG_WARN_OBJC_ROOT_CLASS = YES_ERROR;
				CLANG_WARN_QUOTED_INCLUDE_IN_FRAMEWORK_HEADER = YES;
				CLANG_WARN_RANGE_LOOP_ANALYSIS = YES;
				CLANG_WARN_STRICT_PROTOTYPES = YES;
				CLANG_WARN_SUSPICIOUS_MOVE = YES;
				CLANG_WARN_UNGUARDED_AVAILABILITY = YES_AGGRESSIVE;
				CLANG_WARN_UNREACHABLE_CODE = YES;
				CLANG_WARN__DUPLICATE_METHOD_MATCH = YES;
				COPY_PHASE_STRIP = NO;
				DEBUG_INFORMATION_FORMAT = "dwarf-with-dsym";
				ENABLE_NS_ASSERTIONS = NO;
				ENABLE_STRICT_OBJC_MSGSEND = YES;
				GCC_C_LANGUAGE_STANDARD = gnu11;
				GCC_NO_COMMON_BLOCKS = YES;
				GCC_WARN_64_TO_32_BIT_CONVERSION = YES;
				GCC_WARN_ABOUT_RETURN_TYPE = YES_ERROR;
				GCC_WARN_UNDECLARED_SELECTOR = YES;
				GCC_WARN_UNINITIALIZED_AUTOS = YES_AGGRESSIVE;
				GCC_WARN_UNUSED_FUNCTION = YES;
				GCC_WARN_UNUSED_VARIABLE = YES;
				MTL_ENABLE_DEBUG_INFO = NO;
				MTL_FAST_MATH = YES;
				SWIFT_COMPILATION_MODE = wholemodule;
				SWIFT_OPTIMIZATION_LEVEL = "-O";
			};
			name = Release;
		};
		EDE13A852C214B0400974183 /* Debug */ = {
			isa = XCBuildConfiguration;
			buildSettings = {
				ASSETCATALOG_COMPILER_APPICON_NAME = AppIcon;
				ASSETCATALOG_COMPILER_GLOBAL_ACCENT_COLOR_NAME = AccentColor;
				CODE_SIGN_ENTITLEMENTS = "MELI Search/MELI_Search.entitlements";
				CODE_SIGN_STYLE = Automatic;
				CURRENT_PROJECT_VERSION = 1;
				DEVELOPMENT_ASSET_PATHS = "\"MELI Search/Preview Content\"";
				DEVELOPMENT_TEAM = C6R272DLR9;
				ENABLE_HARDENED_RUNTIME = YES;
				ENABLE_PREVIEWS = YES;
				GENERATE_INFOPLIST_FILE = YES;
				"INFOPLIST_KEY_UIApplicationSceneManifest_Generation[sdk=iphoneos*]" = YES;
				"INFOPLIST_KEY_UIApplicationSceneManifest_Generation[sdk=iphonesimulator*]" = YES;
				"INFOPLIST_KEY_UIApplicationSupportsIndirectInputEvents[sdk=iphoneos*]" = YES;
				"INFOPLIST_KEY_UIApplicationSupportsIndirectInputEvents[sdk=iphonesimulator*]" = YES;
				"INFOPLIST_KEY_UILaunchScreen_Generation[sdk=iphoneos*]" = YES;
				"INFOPLIST_KEY_UILaunchScreen_Generation[sdk=iphonesimulator*]" = YES;
				"INFOPLIST_KEY_UIStatusBarStyle[sdk=iphoneos*]" = UIStatusBarStyleDefault;
				"INFOPLIST_KEY_UIStatusBarStyle[sdk=iphonesimulator*]" = UIStatusBarStyleDefault;
				INFOPLIST_KEY_UISupportedInterfaceOrientations_iPad = "UIInterfaceOrientationPortrait UIInterfaceOrientationPortraitUpsideDown UIInterfaceOrientationLandscapeLeft UIInterfaceOrientationLandscapeRight";
				INFOPLIST_KEY_UISupportedInterfaceOrientations_iPhone = "UIInterfaceOrientationPortrait UIInterfaceOrientationLandscapeLeft UIInterfaceOrientationLandscapeRight";
				IPHONEOS_DEPLOYMENT_TARGET = 16.4;
				LD_RUNPATH_SEARCH_PATHS = "@executable_path/Frameworks";
				"LD_RUNPATH_SEARCH_PATHS[sdk=macosx*]" = "@executable_path/../Frameworks";
				MACOSX_DEPLOYMENT_TARGET = 13.3;
				MARKETING_VERSION = 1.0;
				PRODUCT_BUNDLE_IDENTIFIER = "com.campofernando594.MELI-Search";
				PRODUCT_NAME = "$(TARGET_NAME)";
				SDKROOT = auto;
				SUPPORTED_PLATFORMS = "iphoneos iphonesimulator macosx";
				SWIFT_EMIT_LOC_STRINGS = YES;
				SWIFT_VERSION = 5.0;
				TARGETED_DEVICE_FAMILY = "1,2";
			};
			name = Debug;
		};
		EDE13A862C214B0400974183 /* Release */ = {
			isa = XCBuildConfiguration;
			buildSettings = {
				ASSETCATALOG_COMPILER_APPICON_NAME = AppIcon;
				ASSETCATALOG_COMPILER_GLOBAL_ACCENT_COLOR_NAME = AccentColor;
				CODE_SIGN_ENTITLEMENTS = "MELI Search/MELI_Search.entitlements";
				CODE_SIGN_STYLE = Automatic;
				CURRENT_PROJECT_VERSION = 1;
				DEVELOPMENT_ASSET_PATHS = "\"MELI Search/Preview Content\"";
				DEVELOPMENT_TEAM = C6R272DLR9;
				ENABLE_HARDENED_RUNTIME = YES;
				ENABLE_PREVIEWS = YES;
				GENERATE_INFOPLIST_FILE = YES;
				"INFOPLIST_KEY_UIApplicationSceneManifest_Generation[sdk=iphoneos*]" = YES;
				"INFOPLIST_KEY_UIApplicationSceneManifest_Generation[sdk=iphonesimulator*]" = YES;
				"INFOPLIST_KEY_UIApplicationSupportsIndirectInputEvents[sdk=iphoneos*]" = YES;
				"INFOPLIST_KEY_UIApplicationSupportsIndirectInputEvents[sdk=iphonesimulator*]" = YES;
				"INFOPLIST_KEY_UILaunchScreen_Generation[sdk=iphoneos*]" = YES;
				"INFOPLIST_KEY_UILaunchScreen_Generation[sdk=iphonesimulator*]" = YES;
				"INFOPLIST_KEY_UIStatusBarStyle[sdk=iphoneos*]" = UIStatusBarStyleDefault;
				"INFOPLIST_KEY_UIStatusBarStyle[sdk=iphonesimulator*]" = UIStatusBarStyleDefault;
				INFOPLIST_KEY_UISupportedInterfaceOrientations_iPad = "UIInterfaceOrientationPortrait UIInterfaceOrientationPortraitUpsideDown UIInterfaceOrientationLandscapeLeft UIInterfaceOrientationLandscapeRight";
				INFOPLIST_KEY_UISupportedInterfaceOrientations_iPhone = "UIInterfaceOrientationPortrait UIInterfaceOrientationLandscapeLeft UIInterfaceOrientationLandscapeRight";
				IPHONEOS_DEPLOYMENT_TARGET = 16.4;
				LD_RUNPATH_SEARCH_PATHS = "@executable_path/Frameworks";
				"LD_RUNPATH_SEARCH_PATHS[sdk=macosx*]" = "@executable_path/../Frameworks";
				MACOSX_DEPLOYMENT_TARGET = 13.3;
				MARKETING_VERSION = 1.0;
				PRODUCT_BUNDLE_IDENTIFIER = "com.campofernando594.MELI-Search";
				PRODUCT_NAME = "$(TARGET_NAME)";
				SDKROOT = auto;
				SUPPORTED_PLATFORMS = "iphoneos iphonesimulator macosx";
				SWIFT_EMIT_LOC_STRINGS = YES;
				SWIFT_VERSION = 5.0;
				TARGETED_DEVICE_FAMILY = "1,2";
			};
			name = Release;
		};
		EDE13A882C214B0400974183 /* Debug */ = {
			isa = XCBuildConfiguration;
			buildSettings = {
				ALWAYS_EMBED_SWIFT_STANDARD_LIBRARIES = YES;
				BUNDLE_LOADER = "$(TEST_HOST)";
				CODE_SIGN_STYLE = Automatic;
				CURRENT_PROJECT_VERSION = 1;
				DEVELOPMENT_TEAM = C6R272DLR9;
				GENERATE_INFOPLIST_FILE = YES;
				IPHONEOS_DEPLOYMENT_TARGET = 16.4;
				MACOSX_DEPLOYMENT_TARGET = 13.3;
				MARKETING_VERSION = 1.0;
				PRODUCT_BUNDLE_IDENTIFIER = "com.campofernando594.MELI-SearchTests";
				PRODUCT_NAME = "$(TARGET_NAME)";
				SDKROOT = auto;
				SUPPORTED_PLATFORMS = "iphoneos iphonesimulator macosx";
				SWIFT_EMIT_LOC_STRINGS = NO;
				SWIFT_VERSION = 5.0;
				TARGETED_DEVICE_FAMILY = "1,2";
				TEST_HOST = "$(BUILT_PRODUCTS_DIR)/MELI Search.app/$(BUNDLE_EXECUTABLE_FOLDER_PATH)/MELI Search";
			};
			name = Debug;
		};
		EDE13A892C214B0400974183 /* Release */ = {
			isa = XCBuildConfiguration;
			buildSettings = {
				ALWAYS_EMBED_SWIFT_STANDARD_LIBRARIES = YES;
				BUNDLE_LOADER = "$(TEST_HOST)";
				CODE_SIGN_STYLE = Automatic;
				CURRENT_PROJECT_VERSION = 1;
				DEVELOPMENT_TEAM = C6R272DLR9;
				GENERATE_INFOPLIST_FILE = YES;
				IPHONEOS_DEPLOYMENT_TARGET = 16.4;
				MACOSX_DEPLOYMENT_TARGET = 13.3;
				MARKETING_VERSION = 1.0;
				PRODUCT_BUNDLE_IDENTIFIER = "com.campofernando594.MELI-SearchTests";
				PRODUCT_NAME = "$(TARGET_NAME)";
				SDKROOT = auto;
				SUPPORTED_PLATFORMS = "iphoneos iphonesimulator macosx";
				SWIFT_EMIT_LOC_STRINGS = NO;
				SWIFT_VERSION = 5.0;
				TARGETED_DEVICE_FAMILY = "1,2";
				TEST_HOST = "$(BUILT_PRODUCTS_DIR)/MELI Search.app/$(BUNDLE_EXECUTABLE_FOLDER_PATH)/MELI Search";
			};
			name = Release;
		};
		EDE13A8B2C214B0400974183 /* Debug */ = {
			isa = XCBuildConfiguration;
			buildSettings = {
				ALWAYS_EMBED_SWIFT_STANDARD_LIBRARIES = YES;
				CODE_SIGN_STYLE = Automatic;
				CURRENT_PROJECT_VERSION = 1;
				DEVELOPMENT_TEAM = C6R272DLR9;
				GENERATE_INFOPLIST_FILE = YES;
				IPHONEOS_DEPLOYMENT_TARGET = 16.4;
				MACOSX_DEPLOYMENT_TARGET = 13.3;
				MARKETING_VERSION = 1.0;
				PRODUCT_BUNDLE_IDENTIFIER = "com.campofernando594.MELI-SearchUITests";
				PRODUCT_NAME = "$(TARGET_NAME)";
				SDKROOT = auto;
				SUPPORTED_PLATFORMS = "iphoneos iphonesimulator macosx";
				SWIFT_EMIT_LOC_STRINGS = NO;
				SWIFT_VERSION = 5.0;
				TARGETED_DEVICE_FAMILY = "1,2";
				TEST_TARGET_NAME = "MELI Search";
			};
			name = Debug;
		};
		EDE13A8C2C214B0400974183 /* Release */ = {
			isa = XCBuildConfiguration;
			buildSettings = {
				ALWAYS_EMBED_SWIFT_STANDARD_LIBRARIES = YES;
				CODE_SIGN_STYLE = Automatic;
				CURRENT_PROJECT_VERSION = 1;
				DEVELOPMENT_TEAM = C6R272DLR9;
				GENERATE_INFOPLIST_FILE = YES;
				IPHONEOS_DEPLOYMENT_TARGET = 16.4;
				MACOSX_DEPLOYMENT_TARGET = 13.3;
				MARKETING_VERSION = 1.0;
				PRODUCT_BUNDLE_IDENTIFIER = "com.campofernando594.MELI-SearchUITests";
				PRODUCT_NAME = "$(TARGET_NAME)";
				SDKROOT = auto;
				SUPPORTED_PLATFORMS = "iphoneos iphonesimulator macosx";
				SWIFT_EMIT_LOC_STRINGS = NO;
				SWIFT_VERSION = 5.0;
				TARGETED_DEVICE_FAMILY = "1,2";
				TEST_TARGET_NAME = "MELI Search";
			};
			name = Release;
		};
/* End XCBuildConfiguration section */

/* Begin XCConfigurationList section */
		EDE13A552C214B0300974183 /* Build configuration list for PBXProject "MELI Search" */ = {
			isa = XCConfigurationList;
			buildConfigurations = (
				EDE13A822C214B0400974183 /* Debug */,
				EDE13A832C214B0400974183 /* Release */,
			);
			defaultConfigurationIsVisible = 0;
			defaultConfigurationName = Release;
		};
		EDE13A842C214B0400974183 /* Build configuration list for PBXNativeTarget "MELI Search" */ = {
			isa = XCConfigurationList;
			buildConfigurations = (
				EDE13A852C214B0400974183 /* Debug */,
				EDE13A862C214B0400974183 /* Release */,
			);
			defaultConfigurationIsVisible = 0;
			defaultConfigurationName = Release;
		};
		EDE13A872C214B0400974183 /* Build configuration list for PBXNativeTarget "MELI SearchTests" */ = {
			isa = XCConfigurationList;
			buildConfigurations = (
				EDE13A882C214B0400974183 /* Debug */,
				EDE13A892C214B0400974183 /* Release */,
			);
			defaultConfigurationIsVisible = 0;
			defaultConfigurationName = Release;
		};
		EDE13A8A2C214B0400974183 /* Build configuration list for PBXNativeTarget "MELI SearchUITests" */ = {
			isa = XCConfigurationList;
			buildConfigurations = (
				EDE13A8B2C214B0400974183 /* Debug */,
				EDE13A8C2C214B0400974183 /* Release */,
			);
			defaultConfigurationIsVisible = 0;
			defaultConfigurationName = Release;
		};
/* End XCConfigurationList section */

/* Begin XCVersionGroup section */
		EDE13A612C214B0300974183 /* MELI_Search.xcdatamodeld */ = {
			isa = XCVersionGroup;
			children = (
				EDE13A622C214B0300974183 /* MELI_Search.xcdatamodel */,
			);
			currentVersion = EDE13A622C214B0300974183 /* MELI_Search.xcdatamodel */;
			path = MELI_Search.xcdatamodeld;
			sourceTree = "<group>";
			versionGroupType = wrapper.xcdatamodel;
		};
/* End XCVersionGroup section */
	};
	rootObject = EDE13A522C214B0300974183 /* Project object */;
}
